
Microsoft Visual Studio Solution File, Format Version 12.00
# Visual Studio Version 17
VisualStudioVersion = 17.2.32616.157
MinimumVisualStudioVersion = 10.0.40219.1
Project("{9A19103F-16F7-4668-BE54-9A1E7A4F7556}") = "DictionaryUpdate", "DictionaryUpdate.csproj", "{0EF93D1B-A715-4372-80E7-5B54CFE2CF80}"
EndProject
Project("{FAE04EC0-301F-11D3-BF4B-00C04F79EFBC}") = "DictionaryService", "..\DictionaryService\DictionaryService.csproj", "{6CA87A90-9485-4BFD-962E-4BABF950EF99}"
EndProject
Global
	GlobalSection(SolutionConfigurationPlatforms) = preSolution
		Debug|Any CPU = Debug|Any CPU
		Release|Any CPU = Release|Any CPU
	EndGlobalSection
	GlobalSection(ProjectConfigurationPlatforms) = postSolution
		{0EF93D1B-A715-4372-80E7-5B54CFE2CF80}.Debug|Any CPU.ActiveCfg = Debug|Any CPU
		{0EF93D1B-A715-4372-80E7-5B54CFE2CF80}.Debug|Any CPU.Build.0 = Debug|Any CPU
		{0EF93D1B-A715-4372-80E7-5B54CFE2CF80}.Release|Any CPU.ActiveCfg = Release|Any CPU
		{0EF93D1B-A715-4372-80E7-5B54CFE2CF80}.Release|Any CPU.Build.0 = Release|Any CPU
		{6CA87A90-9485-4BFD-962E-4BABF950EF99}.Debug|Any CPU.ActiveCfg = Debug|Any CPU
		{6CA87A90-9485-4BFD-962E-4BABF950EF99}.Debug|Any CPU.Build.0 = Debug|Any CPU
		{6CA87A90-9485-4BFD-962E-4BABF950EF99}.Release|Any CPU.ActiveCfg = Release|Any CPU
		{6CA87A90-9485-4BFD-962E-4BABF950EF99}.Release|Any CPU.Build.0 = Release|Any CPU
	EndGlobalSection
	GlobalSection(SolutionProperties) = preSolution
		HideSolutionNode = FALSE
	EndGlobalSection
	GlobalSection(ExtensibilityGlobals) = postSolution
		SolutionGuid = {8FB80E3A-F189-4CCD-9686-E93B297CC87B}
	EndGlobalSection
EndGlobal
